<?xml version="1.0" encoding="utf-8"?>
<Project ToolsVersion="4.0" xmlns="http://schemas.microsoft.com/developer/msbuild/2003">
  <ItemGroup>
    <Filter Include="Fichiers sources">
      <UniqueIdentifier>{4FC737F1-C7A5-4376-A066-2A32D752A2FF}</UniqueIdentifier>
      <Extensions>cpp;c;cc;cxx;def;odl;idl;hpj;bat;asm;asmx</Extensions>
    </Filter>
    <Filter Include="Fichiers d%27en-tête">
      <UniqueIdentifier>{93995380-89BD-4b04-88EB-625FBE52EBFB}</UniqueIdentifier>
      <Extensions>h;hpp;hxx;hm;inl;inc;xsd</Extensions>
    </Filter>
    <Filter Include="Fichiers de ressources">
      <UniqueIdentifier>{67DA6AB6-F800-4c08-8B7A-83BB121AAD01}</UniqueIdentifier>
      <Extensions>rc;ico;cur;bmp;dlg;rc2;rct;bin;rgs;gif;jpg;jpeg;jpe;resx;tiff;tif;png;wav;mfcribbon-ms</Extensions>
    </Filter>
    <Filter Include="Fichiers sources\Shaders">
      <UniqueIdentifier>{4e36f21c-2507-4149-a0c4-325875da7e5f}</UniqueIdentifier>
    </Filter>
    <Filter Include="Fichiers sources\obj">
      <UniqueIdentifier>{62d436f5-fa62-42d3-874a-1ac9ef10c51a}</UniqueIdentifier>
    </Filter>
    <Filter Include="Fichiers d%27en-tête\obj">
      <UniqueIdentifier>{e8160add-c0cf-499c-9250-af9809d707c4}</UniqueIdentifier>
    </Filter>
  </ItemGroup>
  <ItemGroup>
    <None Include="shader\scop.fragmentshader">
      <Filter>Fichiers sources\Shaders</Filter>
    </None>
    <None Include="shader\scop.vertexshader">
      <Filter>Fichiers sources\Shaders</Filter>
    </None>
  </ItemGroup>
  <ItemGroup>
    <ClInclude Include="include\matrix.h">
      <Filter>Fichiers d%27en-tête</Filter>
    </ClInclude>
    <ClInclude Include="include\scop.h">
      <Filter>Fichiers d%27en-tête</Filter>
    </ClInclude>
    <ClInclude Include="include\vec3.h">
      <Filter>Fichiers d%27en-tête</Filter>
    </ClInclude>
    <ClInclude Include="include\obj\obj.h">
      <Filter>Fichiers d%27en-tête\obj</Filter>
    </ClInclude>
    <ClInclude Include="include\obj\obj_internal.h">
      <Filter>Fichiers d%27en-tête\obj</Filter>
    </ClInclude>
    <ClInclude Include="include\obj\obj_tokens.h">
      <Filter>Fichiers d%27en-tête\obj</Filter>
    </ClInclude>
  </ItemGroup>
  <ItemGroup>
    <ClCompile Include="src\main.c">
      <Filter>Fichiers sources</Filter>
    </ClCompile>
    <ClCompile Include="src\matrix.c">
      <Filter>Fichiers sources</Filter>
    </ClCompile>
    <ClCompile Include="src\shader.c">
      <Filter>Fichiers sources</Filter>
    </ClCompile>
    <ClCompile Include="src\util.c">
      <Filter>Fichiers sources</Filter>
    </ClCompile>
    <ClCompile Include="src\vec3.c">
      <Filter>Fichiers sources</Filter>
    </ClCompile>
    <ClCompile Include="src\control.c">
      <Filter>Fichiers sources</Filter>
    </ClCompile>
    <ClCompile Include="src\window.c">
      <Filter>Fichiers sources</Filter>
    </ClCompile>
    <ClCompile Include="src\gfx.c">
      <Filter>Fichiers sources</Filter>
    </ClCompile>
    <ClCompile Include="src\render.c">
      <Filter>Fichiers sources</Filter>
    </ClCompile>
    <ClCompile Include="src\obj\obj_delete_data.c">
      <Filter>Fichiers sources\obj</Filter>
    </ClCompile>
    <ClCompile Include="src\obj\parser_die.c">
      <Filter>Fichiers sources\obj</Filter>
    </ClCompile>
    <ClCompile Include="src\obj\obj_parse.c">
      <Filter>Fichiers sources\obj</Filter>
    </ClCompile>
    <ClCompile Include="src\obj\obj_print_data.c">
      <Filter>Fichiers sources\obj</Filter>
    </ClCompile>
    <ClCompile Include="src\obj\parse_color.c">
      <Filter>Fichiers sources\obj</Filter>
    </ClCompile>
    <ClCompile Include="src\obj\parse_comment.c">
      <Filter>Fichiers sources\obj</Filter>
    </ClCompile>
    <ClCompile Include="src\obj\parse_line.c">
      <Filter>Fichiers sources\obj</Filter>
    </ClCompile>
    <ClCompile Include="src\obj\parse_normal.c">
      <Filter>Fichiers sources\obj</Filter>
    </ClCompile>
    <ClCompile Include="src\obj\parse_polygon.c">
      <Filter>Fichiers sources\obj</Filter>
    </ClCompile>
    <ClCompile Include="src\obj\parse_position.c">
      <Filter>Fichiers sources\obj</Filter>
    </ClCompile>
    <ClCompile Include="src\obj\parse_vec2.c">
      <Filter>Fichiers sources\obj</Filter>
    </ClCompile>
    <ClCompile Include="src\obj\parse_vec3.c">
      <Filter>Fichiers sources\obj</Filter>
    </ClCompile>
    <ClCompile Include="src\obj\add_vertex.c">
      <Filter>Fichiers sources\obj</Filter>
    </ClCompile>
    <ClCompile Include="src\obj\tokens_utils.c">
      <Filter>Fichiers sources\obj</Filter>
    </ClCompile>
  </ItemGroup>
</Project>